
Microsoft Visual Studio Solution File, Format Version 12.00
# Visual Studio 2013
VisualStudioVersion = 12.0.30723.0
MinimumVisualStudioVersion = 10.0.40219.1
Project("{FAE04EC0-301F-11D3-BF4B-00C04F79EFBC}") = "NewsApp.Data", "NewsApp.Data\NewsApp.Data.csproj", "{E0575696-8872-4109-A00F-0D6EAF80BC1D}"
EndProject
Project("{FAE04EC0-301F-11D3-BF4B-00C04F79EFBC}") = "NewsApp", "NewsApp\NewsApp.csproj", "{EA161EC5-089F-48A5-B571-7DFF11D2F877}"
EndProject
Project("{FAE04EC0-301F-11D3-BF4B-00C04F79EFBC}") = "NewsApp.Web", "NewsApp.Web\NewsApp.Web.csproj", "{A39F708A-A25B-4FB8-9496-183CCB268FD7}"
EndProject
Global
	GlobalSection(SolutionConfigurationPlatforms) = preSolution
		Debug|Any CPU = Debug|Any CPU
		Release|Any CPU = Release|Any CPU
	EndGlobalSection
	GlobalSection(ProjectConfigurationPlatforms) = postSolution
		{E0575696-8872-4109-A00F-0D6EAF80BC1D}.Debug|Any CPU.ActiveCfg = Debug|Any CPU
		{E0575696-8872-4109-A00F-0D6EAF80BC1D}.Debug|Any CPU.Build.0 = Debug|Any CPU
		{E0575696-8872-4109-A00F-0D6EAF80BC1D}.Release|Any CPU.ActiveCfg = Release|Any CPU
		{E0575696-8872-4109-A00F-0D6EAF80BC1D}.Release|Any CPU.Build.0 = Release|Any CPU
		{EA161EC5-089F-48A5-B571-7DFF11D2F877}.Debug|Any CPU.ActiveCfg = Debug|Any CPU
		{EA161EC5-089F-48A5-B571-7DFF11D2F877}.Debug|Any CPU.Build.0 = Debug|Any CPU
		{EA161EC5-089F-48A5-B571-7DFF11D2F877}.Release|Any CPU.ActiveCfg = Release|Any CPU
		{EA161EC5-089F-48A5-B571-7DFF11D2F877}.Release|Any CPU.Build.0 = Release|Any CPU
		{A39F708A-A25B-4FB8-9496-183CCB268FD7}.Debug|Any CPU.ActiveCfg = Debug|Any CPU
		{A39F708A-A25B-4FB8-9496-183CCB268FD7}.Debug|Any CPU.Build.0 = Debug|Any CPU
		{A39F708A-A25B-4FB8-9496-183CCB268FD7}.Release|Any CPU.ActiveCfg = Release|Any CPU
		{A39F708A-A25B-4FB8-9496-183CCB268FD7}.Release|Any CPU.Build.0 = Release|Any CPU
	EndGlobalSection
	GlobalSection(SolutionProperties) = preSolution
		HideSolutionNode = FALSE
	EndGlobalSection
EndGlobal
