
Microsoft Visual Studio Solution File, Format Version 12.00
# Visual Studio 2013
VisualStudioVersion = 12.0.31101.0
MinimumVisualStudioVersion = 10.0.40219.1
Project("{FAE04EC0-301F-11D3-BF4B-00C04F79EFBC}") = "NewsApp.Data.Nhibernate", "NewsApp.Data\NewsApp.Data.Nhibernate.csproj", "{E0575696-8872-4109-A00F-0D6EAF80BC1D}"
EndProject
Project("{FAE04EC0-301F-11D3-BF4B-00C04F79EFBC}") = "NewsApp", "NewsApp\NewsApp.csproj", "{EA161EC5-089F-48A5-B571-7DFF11D2F877}"
EndProject
Project("{FAE04EC0-301F-11D3-BF4B-00C04F79EFBC}") = "NewsApp.Web", "NewsApp.Web\NewsApp.Web.csproj", "{A39F708A-A25B-4FB8-9496-183CCB268FD7}"
EndProject
Project("{FAE04EC0-301F-11D3-BF4B-00C04F79EFBC}") = "NewsApp.Notifications", "NewsApp.Notifications\NewsApp.Notifications.csproj", "{A91E03EF-6532-4896-89C4-9FCEC1D8D4DB}"
EndProject
Project("{FAE04EC0-301F-11D3-BF4B-00C04F79EFBC}") = "NewsApp.Tests", "NewsApp.Tests\NewsApp.Tests.csproj", "{BCF20C42-8EDA-485D-AA7A-AB2414AFAF1E}"
EndProject
Project("{E24C65DC-7377-472B-9ABA-BC803B73C61A}") = "NewsApp.Client", "http://localhost:20917", "{A21F90BE-3A15-4AAC-BB7F-30F5906C7EB3}"
	ProjectSection(WebsiteProperties) = preProject
		UseIISExpress = "true"
		TargetFrameworkMoniker = ".NETFramework,Version%3Dv4.0"
		Debug.AspNetCompiler.VirtualPath = "/localhost_20917"
		Debug.AspNetCompiler.PhysicalPath = "NewsApp.Client\"
		Debug.AspNetCompiler.TargetPath = "PrecompiledWeb\localhost_20917\"
		Debug.AspNetCompiler.Updateable = "true"
		Debug.AspNetCompiler.ForceOverwrite = "true"
		Debug.AspNetCompiler.FixedNames = "false"
		Debug.AspNetCompiler.Debug = "True"
		Release.AspNetCompiler.VirtualPath = "/localhost_20917"
		Release.AspNetCompiler.PhysicalPath = "NewsApp.Client\"
		Release.AspNetCompiler.TargetPath = "PrecompiledWeb\localhost_20917\"
		Release.AspNetCompiler.Updateable = "true"
		Release.AspNetCompiler.ForceOverwrite = "true"
		Release.AspNetCompiler.FixedNames = "false"
		Release.AspNetCompiler.Debug = "False"
		SlnRelativePath = "NewsApp.Client\"
	EndProjectSection
EndProject
Global
	GlobalSection(SolutionConfigurationPlatforms) = preSolution
		Debug|Android = Debug|Android
		Debug|Any CPU = Debug|Any CPU
		Debug|iOS = Debug|iOS
		Debug|Mixed Platforms = Debug|Mixed Platforms
		Debug|Windows Phone (Universal) = Debug|Windows Phone (Universal)
		Debug|Windows Phone 8 = Debug|Windows Phone 8
		Debug|Windows-AnyCPU = Debug|Windows-AnyCPU
		Debug|Windows-ARM = Debug|Windows-ARM
		Debug|Windows-x64 = Debug|Windows-x64
		Debug|Windows-x86 = Debug|Windows-x86
		Debug|x86 = Debug|x86
		Distribution|Android = Distribution|Android
		Distribution|Any CPU = Distribution|Any CPU
		Distribution|iOS = Distribution|iOS
		Distribution|Mixed Platforms = Distribution|Mixed Platforms
		Distribution|Windows Phone (Universal) = Distribution|Windows Phone (Universal)
		Distribution|Windows Phone 8 = Distribution|Windows Phone 8
		Distribution|Windows-AnyCPU = Distribution|Windows-AnyCPU
		Distribution|Windows-ARM = Distribution|Windows-ARM
		Distribution|Windows-x64 = Distribution|Windows-x64
		Distribution|Windows-x86 = Distribution|Windows-x86
		Distribution|x86 = Distribution|x86
		Release|Android = Release|Android
		Release|Any CPU = Release|Any CPU
		Release|iOS = Release|iOS
		Release|Mixed Platforms = Release|Mixed Platforms
		Release|Windows Phone (Universal) = Release|Windows Phone (Universal)
		Release|Windows Phone 8 = Release|Windows Phone 8
		Release|Windows-AnyCPU = Release|Windows-AnyCPU
		Release|Windows-ARM = Release|Windows-ARM
		Release|Windows-x64 = Release|Windows-x64
		Release|Windows-x86 = Release|Windows-x86
		Release|x86 = Release|x86
	EndGlobalSection
	GlobalSection(ProjectConfigurationPlatforms) = postSolution
		{E0575696-8872-4109-A00F-0D6EAF80BC1D}.Debug|Android.ActiveCfg = Debug|Any CPU
		{E0575696-8872-4109-A00F-0D6EAF80BC1D}.Debug|Any CPU.ActiveCfg = Debug|Any CPU
		{E0575696-8872-4109-A00F-0D6EAF80BC1D}.Debug|Any CPU.Build.0 = Debug|Any CPU
		{E0575696-8872-4109-A00F-0D6EAF80BC1D}.Debug|iOS.ActiveCfg = Debug|Any CPU
		{E0575696-8872-4109-A00F-0D6EAF80BC1D}.Debug|Mixed Platforms.ActiveCfg = Debug|Any CPU
		{E0575696-8872-4109-A00F-0D6EAF80BC1D}.Debug|Mixed Platforms.Build.0 = Debug|Any CPU
		{E0575696-8872-4109-A00F-0D6EAF80BC1D}.Debug|Windows Phone (Universal).ActiveCfg = Debug|Any CPU
		{E0575696-8872-4109-A00F-0D6EAF80BC1D}.Debug|Windows Phone 8.ActiveCfg = Debug|Any CPU
		{E0575696-8872-4109-A00F-0D6EAF80BC1D}.Debug|Windows-AnyCPU.ActiveCfg = Debug|Any CPU
		{E0575696-8872-4109-A00F-0D6EAF80BC1D}.Debug|Windows-ARM.ActiveCfg = Debug|Any CPU
		{E0575696-8872-4109-A00F-0D6EAF80BC1D}.Debug|Windows-x64.ActiveCfg = Debug|Any CPU
		{E0575696-8872-4109-A00F-0D6EAF80BC1D}.Debug|Windows-x86.ActiveCfg = Debug|Any CPU
		{E0575696-8872-4109-A00F-0D6EAF80BC1D}.Debug|x86.ActiveCfg = Debug|Any CPU
		{E0575696-8872-4109-A00F-0D6EAF80BC1D}.Distribution|Android.ActiveCfg = Debug|Any CPU
		{E0575696-8872-4109-A00F-0D6EAF80BC1D}.Distribution|Any CPU.ActiveCfg = Debug|Any CPU
		{E0575696-8872-4109-A00F-0D6EAF80BC1D}.Distribution|Any CPU.Build.0 = Debug|Any CPU
		{E0575696-8872-4109-A00F-0D6EAF80BC1D}.Distribution|iOS.ActiveCfg = Debug|Any CPU
		{E0575696-8872-4109-A00F-0D6EAF80BC1D}.Distribution|Mixed Platforms.ActiveCfg = Debug|Any CPU
		{E0575696-8872-4109-A00F-0D6EAF80BC1D}.Distribution|Mixed Platforms.Build.0 = Debug|Any CPU
		{E0575696-8872-4109-A00F-0D6EAF80BC1D}.Distribution|Windows Phone (Universal).ActiveCfg = Debug|Any CPU
		{E0575696-8872-4109-A00F-0D6EAF80BC1D}.Distribution|Windows Phone 8.ActiveCfg = Debug|Any CPU
		{E0575696-8872-4109-A00F-0D6EAF80BC1D}.Distribution|Windows-AnyCPU.ActiveCfg = Debug|Any CPU
		{E0575696-8872-4109-A00F-0D6EAF80BC1D}.Distribution|Windows-ARM.ActiveCfg = Debug|Any CPU
		{E0575696-8872-4109-A00F-0D6EAF80BC1D}.Distribution|Windows-x64.ActiveCfg = Debug|Any CPU
		{E0575696-8872-4109-A00F-0D6EAF80BC1D}.Distribution|Windows-x86.ActiveCfg = Debug|Any CPU
		{E0575696-8872-4109-A00F-0D6EAF80BC1D}.Distribution|x86.ActiveCfg = Debug|Any CPU
		{E0575696-8872-4109-A00F-0D6EAF80BC1D}.Release|Android.ActiveCfg = Release|Any CPU
		{E0575696-8872-4109-A00F-0D6EAF80BC1D}.Release|Any CPU.ActiveCfg = Release|Any CPU
		{E0575696-8872-4109-A00F-0D6EAF80BC1D}.Release|Any CPU.Build.0 = Release|Any CPU
		{E0575696-8872-4109-A00F-0D6EAF80BC1D}.Release|iOS.ActiveCfg = Release|Any CPU
		{E0575696-8872-4109-A00F-0D6EAF80BC1D}.Release|Mixed Platforms.ActiveCfg = Release|Any CPU
		{E0575696-8872-4109-A00F-0D6EAF80BC1D}.Release|Mixed Platforms.Build.0 = Release|Any CPU
		{E0575696-8872-4109-A00F-0D6EAF80BC1D}.Release|Windows Phone (Universal).ActiveCfg = Release|Any CPU
		{E0575696-8872-4109-A00F-0D6EAF80BC1D}.Release|Windows Phone 8.ActiveCfg = Release|Any CPU
		{E0575696-8872-4109-A00F-0D6EAF80BC1D}.Release|Windows-AnyCPU.ActiveCfg = Release|Any CPU
		{E0575696-8872-4109-A00F-0D6EAF80BC1D}.Release|Windows-ARM.ActiveCfg = Release|Any CPU
		{E0575696-8872-4109-A00F-0D6EAF80BC1D}.Release|Windows-x64.ActiveCfg = Release|Any CPU
		{E0575696-8872-4109-A00F-0D6EAF80BC1D}.Release|Windows-x86.ActiveCfg = Release|Any CPU
		{E0575696-8872-4109-A00F-0D6EAF80BC1D}.Release|x86.ActiveCfg = Release|Any CPU
		{EA161EC5-089F-48A5-B571-7DFF11D2F877}.Debug|Android.ActiveCfg = Debug|Any CPU
		{EA161EC5-089F-48A5-B571-7DFF11D2F877}.Debug|Any CPU.ActiveCfg = Debug|Any CPU
		{EA161EC5-089F-48A5-B571-7DFF11D2F877}.Debug|Any CPU.Build.0 = Debug|Any CPU
		{EA161EC5-089F-48A5-B571-7DFF11D2F877}.Debug|iOS.ActiveCfg = Debug|Any CPU
		{EA161EC5-089F-48A5-B571-7DFF11D2F877}.Debug|Mixed Platforms.ActiveCfg = Debug|Any CPU
		{EA161EC5-089F-48A5-B571-7DFF11D2F877}.Debug|Mixed Platforms.Build.0 = Debug|Any CPU
		{EA161EC5-089F-48A5-B571-7DFF11D2F877}.Debug|Windows Phone (Universal).ActiveCfg = Debug|Any CPU
		{EA161EC5-089F-48A5-B571-7DFF11D2F877}.Debug|Windows Phone 8.ActiveCfg = Debug|Any CPU
		{EA161EC5-089F-48A5-B571-7DFF11D2F877}.Debug|Windows-AnyCPU.ActiveCfg = Debug|Any CPU
		{EA161EC5-089F-48A5-B571-7DFF11D2F877}.Debug|Windows-ARM.ActiveCfg = Debug|Any CPU
		{EA161EC5-089F-48A5-B571-7DFF11D2F877}.Debug|Windows-x64.ActiveCfg = Debug|Any CPU
		{EA161EC5-089F-48A5-B571-7DFF11D2F877}.Debug|Windows-x86.ActiveCfg = Debug|Any CPU
		{EA161EC5-089F-48A5-B571-7DFF11D2F877}.Debug|x86.ActiveCfg = Debug|Any CPU
		{EA161EC5-089F-48A5-B571-7DFF11D2F877}.Distribution|Android.ActiveCfg = Debug|Any CPU
		{EA161EC5-089F-48A5-B571-7DFF11D2F877}.Distribution|Any CPU.ActiveCfg = Debug|Any CPU
		{EA161EC5-089F-48A5-B571-7DFF11D2F877}.Distribution|Any CPU.Build.0 = Debug|Any CPU
		{EA161EC5-089F-48A5-B571-7DFF11D2F877}.Distribution|iOS.ActiveCfg = Debug|Any CPU
		{EA161EC5-089F-48A5-B571-7DFF11D2F877}.Distribution|Mixed Platforms.ActiveCfg = Debug|Any CPU
		{EA161EC5-089F-48A5-B571-7DFF11D2F877}.Distribution|Mixed Platforms.Build.0 = Debug|Any CPU
		{EA161EC5-089F-48A5-B571-7DFF11D2F877}.Distribution|Windows Phone (Universal).ActiveCfg = Debug|Any CPU
		{EA161EC5-089F-48A5-B571-7DFF11D2F877}.Distribution|Windows Phone 8.ActiveCfg = Debug|Any CPU
		{EA161EC5-089F-48A5-B571-7DFF11D2F877}.Distribution|Windows-AnyCPU.ActiveCfg = Debug|Any CPU
		{EA161EC5-089F-48A5-B571-7DFF11D2F877}.Distribution|Windows-ARM.ActiveCfg = Debug|Any CPU
		{EA161EC5-089F-48A5-B571-7DFF11D2F877}.Distribution|Windows-x64.ActiveCfg = Debug|Any CPU
		{EA161EC5-089F-48A5-B571-7DFF11D2F877}.Distribution|Windows-x86.ActiveCfg = Debug|Any CPU
		{EA161EC5-089F-48A5-B571-7DFF11D2F877}.Distribution|x86.ActiveCfg = Debug|Any CPU
		{EA161EC5-089F-48A5-B571-7DFF11D2F877}.Release|Android.ActiveCfg = Release|Any CPU
		{EA161EC5-089F-48A5-B571-7DFF11D2F877}.Release|Any CPU.ActiveCfg = Release|Any CPU
		{EA161EC5-089F-48A5-B571-7DFF11D2F877}.Release|Any CPU.Build.0 = Release|Any CPU
		{EA161EC5-089F-48A5-B571-7DFF11D2F877}.Release|iOS.ActiveCfg = Release|Any CPU
		{EA161EC5-089F-48A5-B571-7DFF11D2F877}.Release|Mixed Platforms.ActiveCfg = Release|Any CPU
		{EA161EC5-089F-48A5-B571-7DFF11D2F877}.Release|Mixed Platforms.Build.0 = Release|Any CPU
		{EA161EC5-089F-48A5-B571-7DFF11D2F877}.Release|Windows Phone (Universal).ActiveCfg = Release|Any CPU
		{EA161EC5-089F-48A5-B571-7DFF11D2F877}.Release|Windows Phone 8.ActiveCfg = Release|Any CPU
		{EA161EC5-089F-48A5-B571-7DFF11D2F877}.Release|Windows-AnyCPU.ActiveCfg = Release|Any CPU
		{EA161EC5-089F-48A5-B571-7DFF11D2F877}.Release|Windows-ARM.ActiveCfg = Release|Any CPU
		{EA161EC5-089F-48A5-B571-7DFF11D2F877}.Release|Windows-x64.ActiveCfg = Release|Any CPU
		{EA161EC5-089F-48A5-B571-7DFF11D2F877}.Release|Windows-x86.ActiveCfg = Release|Any CPU
		{EA161EC5-089F-48A5-B571-7DFF11D2F877}.Release|x86.ActiveCfg = Release|Any CPU
		{A39F708A-A25B-4FB8-9496-183CCB268FD7}.Debug|Android.ActiveCfg = Debug|Any CPU
		{A39F708A-A25B-4FB8-9496-183CCB268FD7}.Debug|Any CPU.ActiveCfg = Debug|Any CPU
		{A39F708A-A25B-4FB8-9496-183CCB268FD7}.Debug|Any CPU.Build.0 = Debug|Any CPU
		{A39F708A-A25B-4FB8-9496-183CCB268FD7}.Debug|iOS.ActiveCfg = Debug|Any CPU
		{A39F708A-A25B-4FB8-9496-183CCB268FD7}.Debug|Mixed Platforms.ActiveCfg = Debug|Any CPU
		{A39F708A-A25B-4FB8-9496-183CCB268FD7}.Debug|Mixed Platforms.Build.0 = Debug|Any CPU
		{A39F708A-A25B-4FB8-9496-183CCB268FD7}.Debug|Windows Phone (Universal).ActiveCfg = Debug|Any CPU
		{A39F708A-A25B-4FB8-9496-183CCB268FD7}.Debug|Windows Phone 8.ActiveCfg = Debug|Any CPU
		{A39F708A-A25B-4FB8-9496-183CCB268FD7}.Debug|Windows-AnyCPU.ActiveCfg = Debug|Any CPU
		{A39F708A-A25B-4FB8-9496-183CCB268FD7}.Debug|Windows-ARM.ActiveCfg = Debug|Any CPU
		{A39F708A-A25B-4FB8-9496-183CCB268FD7}.Debug|Windows-x64.ActiveCfg = Debug|Any CPU
		{A39F708A-A25B-4FB8-9496-183CCB268FD7}.Debug|Windows-x86.ActiveCfg = Debug|Any CPU
		{A39F708A-A25B-4FB8-9496-183CCB268FD7}.Debug|x86.ActiveCfg = Debug|Any CPU
		{A39F708A-A25B-4FB8-9496-183CCB268FD7}.Distribution|Android.ActiveCfg = Debug|Any CPU
		{A39F708A-A25B-4FB8-9496-183CCB268FD7}.Distribution|Any CPU.ActiveCfg = Debug|Any CPU
		{A39F708A-A25B-4FB8-9496-183CCB268FD7}.Distribution|Any CPU.Build.0 = Debug|Any CPU
		{A39F708A-A25B-4FB8-9496-183CCB268FD7}.Distribution|iOS.ActiveCfg = Debug|Any CPU
		{A39F708A-A25B-4FB8-9496-183CCB268FD7}.Distribution|Mixed Platforms.ActiveCfg = Debug|Any CPU
		{A39F708A-A25B-4FB8-9496-183CCB268FD7}.Distribution|Mixed Platforms.Build.0 = Debug|Any CPU
		{A39F708A-A25B-4FB8-9496-183CCB268FD7}.Distribution|Windows Phone (Universal).ActiveCfg = Debug|Any CPU
		{A39F708A-A25B-4FB8-9496-183CCB268FD7}.Distribution|Windows Phone 8.ActiveCfg = Debug|Any CPU
		{A39F708A-A25B-4FB8-9496-183CCB268FD7}.Distribution|Windows-AnyCPU.ActiveCfg = Debug|Any CPU
		{A39F708A-A25B-4FB8-9496-183CCB268FD7}.Distribution|Windows-ARM.ActiveCfg = Debug|Any CPU
		{A39F708A-A25B-4FB8-9496-183CCB268FD7}.Distribution|Windows-x64.ActiveCfg = Debug|Any CPU
		{A39F708A-A25B-4FB8-9496-183CCB268FD7}.Distribution|Windows-x86.ActiveCfg = Debug|Any CPU
		{A39F708A-A25B-4FB8-9496-183CCB268FD7}.Distribution|x86.ActiveCfg = Debug|Any CPU
		{A39F708A-A25B-4FB8-9496-183CCB268FD7}.Release|Android.ActiveCfg = Release|Any CPU
		{A39F708A-A25B-4FB8-9496-183CCB268FD7}.Release|Any CPU.ActiveCfg = Release|Any CPU
		{A39F708A-A25B-4FB8-9496-183CCB268FD7}.Release|Any CPU.Build.0 = Release|Any CPU
		{A39F708A-A25B-4FB8-9496-183CCB268FD7}.Release|iOS.ActiveCfg = Release|Any CPU
		{A39F708A-A25B-4FB8-9496-183CCB268FD7}.Release|Mixed Platforms.ActiveCfg = Release|Any CPU
		{A39F708A-A25B-4FB8-9496-183CCB268FD7}.Release|Mixed Platforms.Build.0 = Release|Any CPU
		{A39F708A-A25B-4FB8-9496-183CCB268FD7}.Release|Windows Phone (Universal).ActiveCfg = Release|Any CPU
		{A39F708A-A25B-4FB8-9496-183CCB268FD7}.Release|Windows Phone 8.ActiveCfg = Release|Any CPU
		{A39F708A-A25B-4FB8-9496-183CCB268FD7}.Release|Windows-AnyCPU.ActiveCfg = Release|Any CPU
		{A39F708A-A25B-4FB8-9496-183CCB268FD7}.Release|Windows-ARM.ActiveCfg = Release|Any CPU
		{A39F708A-A25B-4FB8-9496-183CCB268FD7}.Release|Windows-x64.ActiveCfg = Release|Any CPU
		{A39F708A-A25B-4FB8-9496-183CCB268FD7}.Release|Windows-x86.ActiveCfg = Release|Any CPU
		{A39F708A-A25B-4FB8-9496-183CCB268FD7}.Release|x86.ActiveCfg = Release|Any CPU
		{A91E03EF-6532-4896-89C4-9FCEC1D8D4DB}.Debug|Android.ActiveCfg = Debug|Any CPU
		{A91E03EF-6532-4896-89C4-9FCEC1D8D4DB}.Debug|Any CPU.ActiveCfg = Debug|Any CPU
		{A91E03EF-6532-4896-89C4-9FCEC1D8D4DB}.Debug|Any CPU.Build.0 = Debug|Any CPU
		{A91E03EF-6532-4896-89C4-9FCEC1D8D4DB}.Debug|iOS.ActiveCfg = Debug|Any CPU
		{A91E03EF-6532-4896-89C4-9FCEC1D8D4DB}.Debug|Mixed Platforms.ActiveCfg = Debug|Any CPU
		{A91E03EF-6532-4896-89C4-9FCEC1D8D4DB}.Debug|Mixed Platforms.Build.0 = Debug|Any CPU
		{A91E03EF-6532-4896-89C4-9FCEC1D8D4DB}.Debug|Windows Phone (Universal).ActiveCfg = Debug|Any CPU
		{A91E03EF-6532-4896-89C4-9FCEC1D8D4DB}.Debug|Windows Phone 8.ActiveCfg = Debug|Any CPU
		{A91E03EF-6532-4896-89C4-9FCEC1D8D4DB}.Debug|Windows-AnyCPU.ActiveCfg = Debug|Any CPU
		{A91E03EF-6532-4896-89C4-9FCEC1D8D4DB}.Debug|Windows-ARM.ActiveCfg = Debug|Any CPU
		{A91E03EF-6532-4896-89C4-9FCEC1D8D4DB}.Debug|Windows-x64.ActiveCfg = Debug|Any CPU
		{A91E03EF-6532-4896-89C4-9FCEC1D8D4DB}.Debug|Windows-x86.ActiveCfg = Debug|Any CPU
		{A91E03EF-6532-4896-89C4-9FCEC1D8D4DB}.Debug|x86.ActiveCfg = Debug|x86
		{A91E03EF-6532-4896-89C4-9FCEC1D8D4DB}.Debug|x86.Build.0 = Debug|x86
		{A91E03EF-6532-4896-89C4-9FCEC1D8D4DB}.Distribution|Android.ActiveCfg = Debug|Any CPU
		{A91E03EF-6532-4896-89C4-9FCEC1D8D4DB}.Distribution|Any CPU.ActiveCfg = Debug|Any CPU
		{A91E03EF-6532-4896-89C4-9FCEC1D8D4DB}.Distribution|Any CPU.Build.0 = Debug|Any CPU
		{A91E03EF-6532-4896-89C4-9FCEC1D8D4DB}.Distribution|iOS.ActiveCfg = Debug|Any CPU
		{A91E03EF-6532-4896-89C4-9FCEC1D8D4DB}.Distribution|Mixed Platforms.ActiveCfg = Debug|x86
		{A91E03EF-6532-4896-89C4-9FCEC1D8D4DB}.Distribution|Mixed Platforms.Build.0 = Debug|x86
		{A91E03EF-6532-4896-89C4-9FCEC1D8D4DB}.Distribution|Windows Phone (Universal).ActiveCfg = Debug|Any CPU
		{A91E03EF-6532-4896-89C4-9FCEC1D8D4DB}.Distribution|Windows Phone 8.ActiveCfg = Debug|Any CPU
		{A91E03EF-6532-4896-89C4-9FCEC1D8D4DB}.Distribution|Windows-AnyCPU.ActiveCfg = Debug|Any CPU
		{A91E03EF-6532-4896-89C4-9FCEC1D8D4DB}.Distribution|Windows-ARM.ActiveCfg = Debug|Any CPU
		{A91E03EF-6532-4896-89C4-9FCEC1D8D4DB}.Distribution|Windows-x64.ActiveCfg = Debug|Any CPU
		{A91E03EF-6532-4896-89C4-9FCEC1D8D4DB}.Distribution|Windows-x86.ActiveCfg = Debug|Any CPU
		{A91E03EF-6532-4896-89C4-9FCEC1D8D4DB}.Distribution|x86.ActiveCfg = Debug|x86
		{A91E03EF-6532-4896-89C4-9FCEC1D8D4DB}.Distribution|x86.Build.0 = Debug|x86
		{A91E03EF-6532-4896-89C4-9FCEC1D8D4DB}.Release|Android.ActiveCfg = Release|Any CPU
		{A91E03EF-6532-4896-89C4-9FCEC1D8D4DB}.Release|Any CPU.ActiveCfg = Release|Any CPU
		{A91E03EF-6532-4896-89C4-9FCEC1D8D4DB}.Release|Any CPU.Build.0 = Release|Any CPU
		{A91E03EF-6532-4896-89C4-9FCEC1D8D4DB}.Release|iOS.ActiveCfg = Release|Any CPU
		{A91E03EF-6532-4896-89C4-9FCEC1D8D4DB}.Release|Mixed Platforms.ActiveCfg = Release|x86
		{A91E03EF-6532-4896-89C4-9FCEC1D8D4DB}.Release|Mixed Platforms.Build.0 = Release|x86
		{A91E03EF-6532-4896-89C4-9FCEC1D8D4DB}.Release|Windows Phone (Universal).ActiveCfg = Release|Any CPU
		{A91E03EF-6532-4896-89C4-9FCEC1D8D4DB}.Release|Windows Phone 8.ActiveCfg = Release|Any CPU
		{A91E03EF-6532-4896-89C4-9FCEC1D8D4DB}.Release|Windows-AnyCPU.ActiveCfg = Release|Any CPU
		{A91E03EF-6532-4896-89C4-9FCEC1D8D4DB}.Release|Windows-ARM.ActiveCfg = Release|Any CPU
		{A91E03EF-6532-4896-89C4-9FCEC1D8D4DB}.Release|Windows-x64.ActiveCfg = Release|Any CPU
		{A91E03EF-6532-4896-89C4-9FCEC1D8D4DB}.Release|Windows-x86.ActiveCfg = Release|Any CPU
		{A91E03EF-6532-4896-89C4-9FCEC1D8D4DB}.Release|x86.ActiveCfg = Release|x86
		{A91E03EF-6532-4896-89C4-9FCEC1D8D4DB}.Release|x86.Build.0 = Release|x86
		{BCF20C42-8EDA-485D-AA7A-AB2414AFAF1E}.Debug|Android.ActiveCfg = Debug|Any CPU
		{BCF20C42-8EDA-485D-AA7A-AB2414AFAF1E}.Debug|Any CPU.ActiveCfg = Debug|Any CPU
		{BCF20C42-8EDA-485D-AA7A-AB2414AFAF1E}.Debug|Any CPU.Build.0 = Debug|Any CPU
		{BCF20C42-8EDA-485D-AA7A-AB2414AFAF1E}.Debug|iOS.ActiveCfg = Debug|Any CPU
		{BCF20C42-8EDA-485D-AA7A-AB2414AFAF1E}.Debug|Mixed Platforms.ActiveCfg = Debug|Any CPU
		{BCF20C42-8EDA-485D-AA7A-AB2414AFAF1E}.Debug|Mixed Platforms.Build.0 = Debug|Any CPU
		{BCF20C42-8EDA-485D-AA7A-AB2414AFAF1E}.Debug|Windows Phone (Universal).ActiveCfg = Debug|Any CPU
		{BCF20C42-8EDA-485D-AA7A-AB2414AFAF1E}.Debug|Windows Phone 8.ActiveCfg = Debug|Any CPU
		{BCF20C42-8EDA-485D-AA7A-AB2414AFAF1E}.Debug|Windows-AnyCPU.ActiveCfg = Debug|Any CPU
		{BCF20C42-8EDA-485D-AA7A-AB2414AFAF1E}.Debug|Windows-ARM.ActiveCfg = Debug|Any CPU
		{BCF20C42-8EDA-485D-AA7A-AB2414AFAF1E}.Debug|Windows-x64.ActiveCfg = Debug|Any CPU
		{BCF20C42-8EDA-485D-AA7A-AB2414AFAF1E}.Debug|Windows-x86.ActiveCfg = Debug|Any CPU
		{BCF20C42-8EDA-485D-AA7A-AB2414AFAF1E}.Debug|x86.ActiveCfg = Debug|Any CPU
		{BCF20C42-8EDA-485D-AA7A-AB2414AFAF1E}.Distribution|Android.ActiveCfg = Debug|Any CPU
		{BCF20C42-8EDA-485D-AA7A-AB2414AFAF1E}.Distribution|Any CPU.ActiveCfg = Debug|Any CPU
		{BCF20C42-8EDA-485D-AA7A-AB2414AFAF1E}.Distribution|Any CPU.Build.0 = Debug|Any CPU
		{BCF20C42-8EDA-485D-AA7A-AB2414AFAF1E}.Distribution|iOS.ActiveCfg = Debug|Any CPU
		{BCF20C42-8EDA-485D-AA7A-AB2414AFAF1E}.Distribution|Mixed Platforms.ActiveCfg = Debug|Any CPU
		{BCF20C42-8EDA-485D-AA7A-AB2414AFAF1E}.Distribution|Mixed Platforms.Build.0 = Debug|Any CPU
		{BCF20C42-8EDA-485D-AA7A-AB2414AFAF1E}.Distribution|Windows Phone (Universal).ActiveCfg = Debug|Any CPU
		{BCF20C42-8EDA-485D-AA7A-AB2414AFAF1E}.Distribution|Windows Phone 8.ActiveCfg = Debug|Any CPU
		{BCF20C42-8EDA-485D-AA7A-AB2414AFAF1E}.Distribution|Windows-AnyCPU.ActiveCfg = Debug|Any CPU
		{BCF20C42-8EDA-485D-AA7A-AB2414AFAF1E}.Distribution|Windows-ARM.ActiveCfg = Debug|Any CPU
		{BCF20C42-8EDA-485D-AA7A-AB2414AFAF1E}.Distribution|Windows-x64.ActiveCfg = Debug|Any CPU
		{BCF20C42-8EDA-485D-AA7A-AB2414AFAF1E}.Distribution|Windows-x86.ActiveCfg = Debug|Any CPU
		{BCF20C42-8EDA-485D-AA7A-AB2414AFAF1E}.Distribution|x86.ActiveCfg = Debug|Any CPU
		{BCF20C42-8EDA-485D-AA7A-AB2414AFAF1E}.Release|Android.ActiveCfg = Release|Any CPU
		{BCF20C42-8EDA-485D-AA7A-AB2414AFAF1E}.Release|Any CPU.ActiveCfg = Release|Any CPU
		{BCF20C42-8EDA-485D-AA7A-AB2414AFAF1E}.Release|Any CPU.Build.0 = Release|Any CPU
		{BCF20C42-8EDA-485D-AA7A-AB2414AFAF1E}.Release|iOS.ActiveCfg = Release|Any CPU
		{BCF20C42-8EDA-485D-AA7A-AB2414AFAF1E}.Release|Mixed Platforms.ActiveCfg = Release|Any CPU
		{BCF20C42-8EDA-485D-AA7A-AB2414AFAF1E}.Release|Mixed Platforms.Build.0 = Release|Any CPU
		{BCF20C42-8EDA-485D-AA7A-AB2414AFAF1E}.Release|Windows Phone (Universal).ActiveCfg = Release|Any CPU
		{BCF20C42-8EDA-485D-AA7A-AB2414AFAF1E}.Release|Windows Phone 8.ActiveCfg = Release|Any CPU
		{BCF20C42-8EDA-485D-AA7A-AB2414AFAF1E}.Release|Windows-AnyCPU.ActiveCfg = Release|Any CPU
		{BCF20C42-8EDA-485D-AA7A-AB2414AFAF1E}.Release|Windows-ARM.ActiveCfg = Release|Any CPU
		{BCF20C42-8EDA-485D-AA7A-AB2414AFAF1E}.Release|Windows-x64.ActiveCfg = Release|Any CPU
		{BCF20C42-8EDA-485D-AA7A-AB2414AFAF1E}.Release|Windows-x86.ActiveCfg = Release|Any CPU
		{BCF20C42-8EDA-485D-AA7A-AB2414AFAF1E}.Release|x86.ActiveCfg = Release|Any CPU
		{A21F90BE-3A15-4AAC-BB7F-30F5906C7EB3}.Debug|Android.ActiveCfg = Debug|Any CPU
		{A21F90BE-3A15-4AAC-BB7F-30F5906C7EB3}.Debug|Any CPU.ActiveCfg = Debug|Any CPU
		{A21F90BE-3A15-4AAC-BB7F-30F5906C7EB3}.Debug|Any CPU.Build.0 = Debug|Any CPU
		{A21F90BE-3A15-4AAC-BB7F-30F5906C7EB3}.Debug|iOS.ActiveCfg = Debug|Any CPU
		{A21F90BE-3A15-4AAC-BB7F-30F5906C7EB3}.Debug|Mixed Platforms.ActiveCfg = Debug|Any CPU
		{A21F90BE-3A15-4AAC-BB7F-30F5906C7EB3}.Debug|Mixed Platforms.Build.0 = Debug|Any CPU
		{A21F90BE-3A15-4AAC-BB7F-30F5906C7EB3}.Debug|Windows Phone (Universal).ActiveCfg = Debug|Any CPU
		{A21F90BE-3A15-4AAC-BB7F-30F5906C7EB3}.Debug|Windows Phone 8.ActiveCfg = Debug|Any CPU
		{A21F90BE-3A15-4AAC-BB7F-30F5906C7EB3}.Debug|Windows-AnyCPU.ActiveCfg = Debug|Any CPU
		{A21F90BE-3A15-4AAC-BB7F-30F5906C7EB3}.Debug|Windows-ARM.ActiveCfg = Debug|Any CPU
		{A21F90BE-3A15-4AAC-BB7F-30F5906C7EB3}.Debug|Windows-x64.ActiveCfg = Debug|Any CPU
		{A21F90BE-3A15-4AAC-BB7F-30F5906C7EB3}.Debug|Windows-x86.ActiveCfg = Debug|Any CPU
		{A21F90BE-3A15-4AAC-BB7F-30F5906C7EB3}.Debug|x86.ActiveCfg = Debug|Any CPU
		{A21F90BE-3A15-4AAC-BB7F-30F5906C7EB3}.Distribution|Android.ActiveCfg = Debug|Any CPU
		{A21F90BE-3A15-4AAC-BB7F-30F5906C7EB3}.Distribution|Any CPU.ActiveCfg = Debug|Any CPU
		{A21F90BE-3A15-4AAC-BB7F-30F5906C7EB3}.Distribution|Any CPU.Build.0 = Debug|Any CPU
		{A21F90BE-3A15-4AAC-BB7F-30F5906C7EB3}.Distribution|iOS.ActiveCfg = Debug|Any CPU
		{A21F90BE-3A15-4AAC-BB7F-30F5906C7EB3}.Distribution|Mixed Platforms.ActiveCfg = Debug|Any CPU
		{A21F90BE-3A15-4AAC-BB7F-30F5906C7EB3}.Distribution|Mixed Platforms.Build.0 = Debug|Any CPU
		{A21F90BE-3A15-4AAC-BB7F-30F5906C7EB3}.Distribution|Windows Phone (Universal).ActiveCfg = Debug|Any CPU
		{A21F90BE-3A15-4AAC-BB7F-30F5906C7EB3}.Distribution|Windows Phone 8.ActiveCfg = Debug|Any CPU
		{A21F90BE-3A15-4AAC-BB7F-30F5906C7EB3}.Distribution|Windows-AnyCPU.ActiveCfg = Debug|Any CPU
		{A21F90BE-3A15-4AAC-BB7F-30F5906C7EB3}.Distribution|Windows-ARM.ActiveCfg = Debug|Any CPU
		{A21F90BE-3A15-4AAC-BB7F-30F5906C7EB3}.Distribution|Windows-x64.ActiveCfg = Debug|Any CPU
		{A21F90BE-3A15-4AAC-BB7F-30F5906C7EB3}.Distribution|Windows-x86.ActiveCfg = Debug|Any CPU
		{A21F90BE-3A15-4AAC-BB7F-30F5906C7EB3}.Distribution|x86.ActiveCfg = Debug|Any CPU
		{A21F90BE-3A15-4AAC-BB7F-30F5906C7EB3}.Release|Android.ActiveCfg = Debug|Any CPU
		{A21F90BE-3A15-4AAC-BB7F-30F5906C7EB3}.Release|Any CPU.ActiveCfg = Debug|Any CPU
		{A21F90BE-3A15-4AAC-BB7F-30F5906C7EB3}.Release|Any CPU.Build.0 = Debug|Any CPU
		{A21F90BE-3A15-4AAC-BB7F-30F5906C7EB3}.Release|iOS.ActiveCfg = Debug|Any CPU
		{A21F90BE-3A15-4AAC-BB7F-30F5906C7EB3}.Release|Mixed Platforms.ActiveCfg = Debug|Any CPU
		{A21F90BE-3A15-4AAC-BB7F-30F5906C7EB3}.Release|Mixed Platforms.Build.0 = Debug|Any CPU
		{A21F90BE-3A15-4AAC-BB7F-30F5906C7EB3}.Release|Windows Phone (Universal).ActiveCfg = Debug|Any CPU
		{A21F90BE-3A15-4AAC-BB7F-30F5906C7EB3}.Release|Windows Phone 8.ActiveCfg = Debug|Any CPU
		{A21F90BE-3A15-4AAC-BB7F-30F5906C7EB3}.Release|Windows-AnyCPU.ActiveCfg = Debug|Any CPU
		{A21F90BE-3A15-4AAC-BB7F-30F5906C7EB3}.Release|Windows-ARM.ActiveCfg = Debug|Any CPU
		{A21F90BE-3A15-4AAC-BB7F-30F5906C7EB3}.Release|Windows-x64.ActiveCfg = Debug|Any CPU
		{A21F90BE-3A15-4AAC-BB7F-30F5906C7EB3}.Release|Windows-x86.ActiveCfg = Debug|Any CPU
		{A21F90BE-3A15-4AAC-BB7F-30F5906C7EB3}.Release|x86.ActiveCfg = Debug|Any CPU
	EndGlobalSection
	GlobalSection(SolutionProperties) = preSolution
		HideSolutionNode = FALSE
	EndGlobalSection
EndGlobal
